# THIS IS AN AUTOGENERATED FILE. DO NOT EDIT THIS FILE DIRECTLY.
# yarn lockfile v1


"@ryb73/decco@0.1.0":
  version "0.1.0"
  resolved "https://registry.yarnpkg.com/@ryb73/decco/-/decco-0.1.0.tgz#c39e03377bebe975864bb9c2e05fe3aeb1cd090d"
  integrity sha512-raSP6kWVYYMHWgBK9ZsjbWsuziglDC+RxQ4G5EaHDcVpDunqxqk3/pdcgpLMdAAAAVQDHBKdOCu9lrZE5y0tDg==

"@ryb73/napster@0.0.2":
  version "0.0.2"
  resolved "https://registry.yarnpkg.com/@ryb73/napster/-/napster-0.0.2.tgz#c80323a2faa1f35e0d7baf482638972dad4ccce2"
  integrity sha512-ULe1cdrMYNz5L8HPJIgbLCel27m/+pqO+dxtwITUTElA4Trm898wupufDDp2p6Ft8ffPFBQ/eZSDUPBgCcVQKw==
  dependencies:
    jquery "^3.4.0"

bs-platform@^5.0.6:
  version "5.0.6"
  resolved "https://registry.yarnpkg.com/bs-platform/-/bs-platform-5.0.6.tgz#88c13041fb020479800de3d82c680bf971091425"
  integrity sha512-6Boa2VEcWJp2WJr38L7bp3J929nYha7gDarjxb070jWzgfPJ/WbzjipmSfnu2eqqk1MfjEIpBipbPz6n1NISwA==

jquery@^3.4.0:
  version "3.4.0"
  resolved "https://registry.yarnpkg.com/jquery/-/jquery-3.4.0.tgz#8de513fa0fa4b2c7d2e48a530e26f0596936efdf"
  integrity sha512-ggRCXln9zEqv6OqAGXFEcshF5dSBvCkzj6Gm2gzuR5fWawaX8t7cxKVkkygKODrDAzKdoYw3l/e3pm3vlT4IbQ==
