# THIS IS AN AUTOGENERATED FILE. DO NOT EDIT THIS FILE DIRECTLY.
# yarn lockfile v1


"@ryb73/bs-bluebird@0.0.2":
  version "0.0.2"
  resolved "https://registry.yarnpkg.com/@ryb73/bs-bluebird/-/bs-bluebird-0.0.2.tgz#cea96840d9711794888c3bce0083aee0dc5ac563"
  integrity sha512-nILqpYSDdOwYPo30T7BEtu4/u8n0h1z2lp4TrfyKBzGhMrBVjq6agPKad9AengiTJp1EOWCDC7ocKMNwmla/rg==
  dependencies:
    bluebird "^3.5.1"

"@ryb73/decco@0.0.5":
  version "0.0.5"
  resolved "https://registry.yarnpkg.com/@ryb73/decco/-/decco-0.0.5.tgz#3b01df85d623f99860950801bf9342f78f19ff6a"
  integrity sha512-XTS3kNJQLlipb7UFooDpLcUwLBcVYJ8n+ayyrgCyh3NcNnnDQHyozI0ryO6O9Vt9lAIQr72vaadc8+RxANgFYQ==

"@ryb73/napster@0.0.1":
  version "0.0.1"
  resolved "https://registry.yarnpkg.com/@ryb73/napster/-/napster-0.0.1.tgz#a6ee518e12f7ed21c75c056dd46bd1225f24c59b"
  integrity sha512-zjS4SQK1rpNQrKM0anubx5WWEKzRSDYBY8+lLUpxik3SFsRqm/zFYNx/2utfLJoy9hjWl3mb1iarc0wc4N4UcQ==
  dependencies:
    jquery "^3.2.1"

"@ryb73/reduice@0.0.5":
  version "0.0.5"
  resolved "https://registry.yarnpkg.com/@ryb73/reduice/-/reduice-0.0.5.tgz#53286d64c7286de1f4124734d051fd091b2246de"
  integrity sha512-SFuGIgIDwspJbvQ5up1We3JA9JP+6pk6MQcEicu4Kj3ZS3ilybacIJr7IQKCtMaMDpFuhmgdtiVK3wslPpT4Qg==
  dependencies:
    "@ryb73/bs-bluebird" "0.0.2"

bluebird@^3.5.1:
  version "3.5.3"
  resolved "https://registry.yarnpkg.com/bluebird/-/bluebird-3.5.3.tgz#7d01c6f9616c9a51ab0f8c549a79dfe6ec33efa7"
  integrity sha512-/qKPUQlaW1OyR51WeCPBvRnAlnZFUJkCSG5HzGnuIqhgyJtF+T94lFnn33eiazjRm2LAHVy2guNnaq48X9SJuw==

jquery@^3.2.1:
  version "3.3.1"
  resolved "https://registry.yarnpkg.com/jquery/-/jquery-3.3.1.tgz#958ce29e81c9790f31be7792df5d4d95fc57fbca"
  integrity sha512-Ubldcmxp5np52/ENotGxlLe6aGMvmF4R8S6tZjsP6Knsaxd/xp3Zrh50cG93lR6nPXyUFwzN3ZSOQI0wRJNdGg==
